// !$*UTF8*$!
{
	archiveVersion = 1;
	classes = {
	};
	objectVersion = 46;
	objects = {

/* Begin PBXBuildFile section */
		6B2724BF190E1D2900E37970 /* BullsEye.html in Resources */ = {isa = PBXBuildFile; fileRef = 6B2724BE190E1D2900E37970 /* BullsEye.html */; };
		6BB3E80D18F67B4300ECC5E1 /* InfoViewController.m in Sources */ = {isa = PBXBuildFile; fileRef = 6BB3E80C18F67B4300ECC5E1 /* InfoViewController.m */; };
		6BB483E518F27F460059CA7F /* Foundation.framework in Frameworks */ = {isa = PBXBuildFile; fileRef = 6BB483E418F27F460059CA7F /* Foundation.framework */; };
		6BB483E718F27F460059CA7F /* CoreGraphics.framework in Frameworks */ = {isa = PBXBuildFile; fileRef = 6BB483E618F27F460059CA7F /* CoreGraphics.framework */; };
		6BB483E918F27F460059CA7F /* UIKit.framework in Frameworks */ = {isa = PBXBuildFile; fileRef = 6BB483E818F27F460059CA7F /* UIKit.framework */; };
		6BB483EF18F27F460059CA7F /* InfoPlist.strings in Resources */ = {isa = PBXBuildFile; fileRef = 6BB483ED18F27F460059CA7F /* InfoPlist.strings */; };
		6BB483F118F27F460059CA7F /* main.m in Sources */ = {isa = PBXBuildFile; fileRef = 6BB483F018F27F460059CA7F /* main.m */; };
		6BB483F518F27F460059CA7F /* AppDelegate.m in Sources */ = {isa = PBXBuildFile; fileRef = 6BB483F418F27F460059CA7F /* AppDelegate.m */; };
		6BB483F818F27F460059CA7F /* Main.storyboard in Resources */ = {isa = PBXBuildFile; fileRef = 6BB483F618F27F460059CA7F /* Main.storyboard */; };
		6BB483FB18F27F460059CA7F /* ViewController.m in Sources */ = {isa = PBXBuildFile; fileRef = 6BB483FA18F27F460059CA7F /* ViewController.m */; };
		6BB483FD18F27F460059CA7F /* Images.xcassets in Resources */ = {isa = PBXBuildFile; fileRef = 6BB483FC18F27F460059CA7F /* Images.xcassets */; };
		6BB4840418F27F460059CA7F /* XCTest.framework in Frameworks */ = {isa = PBXBuildFile; fileRef = 6BB4840318F27F460059CA7F /* XCTest.framework */; };
		6BB4840518F27F460059CA7F /* Foundation.framework in Frameworks */ = {isa = PBXBuildFile; fileRef = 6BB483E418F27F460059CA7F /* Foundation.framework */; };
		6BB4840618F27F460059CA7F /* UIKit.framework in Frameworks */ = {isa = PBXBuildFile; fileRef = 6BB483E818F27F460059CA7F /* UIKit.framework */; };
		6BB4840E18F27F460059CA7F /* InfoPlist.strings in Resources */ = {isa = PBXBuildFile; fileRef = 6BB4840C18F27F460059CA7F /* InfoPlist.strings */; };
		6BB4841018F27F460059CA7F /* BullsEyeTests.m in Sources */ = {isa = PBXBuildFile; fileRef = 6BB4840F18F27F460059CA7F /* BullsEyeTests.m */; };
/* End PBXBuildFile section */

/* Begin PBXContainerItemProxy section */
		6BB4840718F27F460059CA7F /* PBXContainerItemProxy */ = {
			isa = PBXContainerItemProxy;
			containerPortal = 6BB483D918F27F460059CA7F /* Project object */;
			proxyType = 1;
			remoteGlobalIDString = 6BB483E018F27F460059CA7F;
			remoteInfo = BullsEye;
		};
/* End PBXContainerItemProxy section */

/* Begin PBXFileReference section */
		6B2724BE190E1D2900E37970 /* BullsEye.html */ = {isa = PBXFileReference; fileEncoding = 4; lastKnownFileType = text.html; path = BullsEye.html; sourceTree = "<group>"; };
		6BB3E80B18F67B4300ECC5E1 /* InfoViewController.h */ = {isa = PBXFileReference; fileEncoding = 4; lastKnownFileType = sourcecode.c.h; path = InfoViewController.h; sourceTree = "<group>"; };
		6BB3E80C18F67B4300ECC5E1 /* InfoViewController.m */ = {isa = PBXFileReference; fileEncoding = 4; lastKnownFileType = sourcecode.c.objc; path = InfoViewController.m; sourceTree = "<group>"; };
		6BB483E118F27F460059CA7F /* BullsEye.app */ = {isa = PBXFileReference; explicitFileType = wrapper.application; includeInIndex = 0; path = BullsEye.app; sourceTree = BUILT_PRODUCTS_DIR; };
		6BB483E418F27F460059CA7F /* Foundation.framework */ = {isa = PBXFileReference; lastKnownFileType = wrapper.framework; name = Foundation.framework; path = System/Library/Frameworks/Foundation.framework; sourceTree = SDKROOT; };
		6BB483E618F27F460059CA7F /* CoreGraphics.framework */ = {isa = PBXFileReference; lastKnownFileType = wrapper.framework; name = CoreGraphics.framework; path = System/Library/Frameworks/CoreGraphics.framework; sourceTree = SDKROOT; };
		6BB483E818F27F460059CA7F /* UIKit.framework */ = {isa = PBXFileReference; lastKnownFileType = wrapper.framework; name = UIKit.framework; path = System/Library/Frameworks/UIKit.framework; sourceTree = SDKROOT; };
		6BB483EC18F27F460059CA7F /* BullsEye-Info.plist */ = {isa = PBXFileReference; lastKnownFileType = text.plist.xml; path = "BullsEye-Info.plist"; sourceTree = "<group>"; };
		6BB483EE18F27F460059CA7F /* en */ = {isa = PBXFileReference; lastKnownFileType = text.plist.strings; name = en; path = en.lproj/InfoPlist.strings; sourceTree = "<group>"; };
		6BB483F018F27F460059CA7F /* main.m */ = {isa = PBXFileReference; lastKnownFileType = sourcecode.c.objc; path = main.m; sourceTree = "<group>"; };
		6BB483F218F27F460059CA7F /* BullsEye-Prefix.pch */ = {isa = PBXFileReference; lastKnownFileType = sourcecode.c.h; path = "BullsEye-Prefix.pch"; sourceTree = "<group>"; };
		6BB483F318F27F460059CA7F /* AppDelegate.h */ = {isa = PBXFileReference; lastKnownFileType = sourcecode.c.h; path = AppDelegate.h; sourceTree = "<group>"; };
		6BB483F418F27F460059CA7F /* AppDelegate.m */ = {isa = PBXFileReference; lastKnownFileType = sourcecode.c.objc; path = AppDelegate.m; sourceTree = "<group>"; };
		6BB483F718F27F460059CA7F /* Base */ = {isa = PBXFileReference; lastKnownFileType = file.storyboard; name = Base; path = Base.lproj/Main.storyboard; sourceTree = "<group>"; };
		6BB483F918F27F460059CA7F /* ViewController.h */ = {isa = PBXFileReference; lastKnownFileType = sourcecode.c.h; path = ViewController.h; sourceTree = "<group>"; };
		6BB483FA18F27F460059CA7F /* ViewController.m */ = {isa = PBXFileReference; lastKnownFileType = sourcecode.c.objc; path = ViewController.m; sourceTree = "<group>"; };
		6BB483FC18F27F460059CA7F /* Images.xcassets */ = {isa = PBXFileReference; lastKnownFileType = folder.assetcatalog; path = Images.xcassets; sourceTree = "<group>"; };
		6BB4840218F27F460059CA7F /* BullsEyeTests.xctest */ = {isa = PBXFileReference; explicitFileType = wrapper.cfbundle; includeInIndex = 0; path = BullsEyeTests.xctest; sourceTree = BUILT_PRODUCTS_DIR; };
		6BB4840318F27F460059CA7F /* XCTest.framework */ = {isa = PBXFileReference; lastKnownFileType = wrapper.framework; name = XCTest.framework; path = Library/Frameworks/XCTest.framework; sourceTree = DEVELOPER_DIR; };
		6BB4840B18F27F460059CA7F /* BullsEyeTests-Info.plist */ = {isa = PBXFileReference; lastKnownFileType = text.plist.xml; path = "BullsEyeTests-Info.plist"; sourceTree = "<group>"; };
		6BB4840D18F27F460059CA7F /* en */ = {isa = PBXFileReference; lastKnownFileType = text.plist.strings; name = en; path = en.lproj/InfoPlist.strings; sourceTree = "<group>"; };
		6BB4840F18F27F460059CA7F /* BullsEyeTests.m */ = {isa = PBXFileReference; lastKnownFileType = sourcecode.c.objc; path = BullsEyeTests.m; sourceTree = "<group>"; };
/* End PBXFileReference section */

/* Begin PBXFrameworksBuildPhase section */
		6BB483DE18F27F460059CA7F /* Frameworks */ = {
			isa = PBXFrameworksBuildPhase;
			buildActionMask = 2147483647;
			files = (
				6BB483E718F27F460059CA7F /* CoreGraphics.framework in Frameworks */,
				6BB483E918F27F460059CA7F /* UIKit.framework in Frameworks */,
				6BB483E518F27F460059CA7F /* Foundation.framework in Frameworks */,
			);
			runOnlyForDeploymentPostprocessing = 0;
		};
		6BB483FF18F27F460059CA7F /* Frameworks */ = {
			isa = PBXFrameworksBuildPhase;
			buildActionMask = 2147483647;
			files = (
				6BB4840418F27F460059CA7F /* XCTest.framework in Frameworks */,
				6BB4840618F27F460059CA7F /* UIKit.framework in Frameworks */,
				6BB4840518F27F460059CA7F /* Foundation.framework in Frameworks */,
			);
			runOnlyForDeploymentPostprocessing = 0;
		};
/* End PBXFrameworksBuildPhase section */

/* Begin PBXGroup section */
		6BB483D818F27F460059CA7F = {
			isa = PBXGroup;
			children = (
				6BB483EA18F27F460059CA7F /* BullsEye */,
				6BB4840918F27F460059CA7F /* BullsEyeTests */,
				6BB483E318F27F460059CA7F /* Frameworks */,
				6BB483E218F27F460059CA7F /* Products */,
			);
			sourceTree = "<group>";
		};
		6BB483E218F27F460059CA7F /* Products */ = {
			isa = PBXGroup;
			children = (
				6BB483E118F27F460059CA7F /* BullsEye.app */,
				6BB4840218F27F460059CA7F /* BullsEyeTests.xctest */,
			);
			name = Products;
			sourceTree = "<group>";
		};
		6BB483E318F27F460059CA7F /* Frameworks */ = {
			isa = PBXGroup;
			children = (
				6BB483E418F27F460059CA7F /* Foundation.framework */,
				6BB483E618F27F460059CA7F /* CoreGraphics.framework */,
				6BB483E818F27F460059CA7F /* UIKit.framework */,
				6BB4840318F27F460059CA7F /* XCTest.framework */,
			);
			name = Frameworks;
			sourceTree = "<group>";
		};
		6BB483EA18F27F460059CA7F /* BullsEye */ = {
			isa = PBXGroup;
			children = (
				6B2724BE190E1D2900E37970 /* BullsEye.html */,
				6BB483F318F27F460059CA7F /* AppDelegate.h */,
				6BB483F418F27F460059CA7F /* AppDelegate.m */,
				6BB483F618F27F460059CA7F /* Main.storyboard */,
				6BB483F918F27F460059CA7F /* ViewController.h */,
				6BB3E80B18F67B4300ECC5E1 /* InfoViewController.h */,
				6BB3E80C18F67B4300ECC5E1 /* InfoViewController.m */,
				6BB483FA18F27F460059CA7F /* ViewController.m */,
				6BB483FC18F27F460059CA7F /* Images.xcassets */,
				6BB483EB18F27F460059CA7F /* Supporting Files */,
			);
			path = BullsEye;
			sourceTree = "<group>";
		};
		6BB483EB18F27F460059CA7F /* Supporting Files */ = {
			isa = PBXGroup;
			children = (
				6BB483EC18F27F460059CA7F /* BullsEye-Info.plist */,
				6BB483ED18F27F460059CA7F /* InfoPlist.strings */,
				6BB483F018F27F460059CA7F /* main.m */,
				6BB483F218F27F460059CA7F /* BullsEye-Prefix.pch */,
			);
			name = "Supporting Files";
			sourceTree = "<group>";
		};
		6BB4840918F27F460059CA7F /* BullsEyeTests */ = {
			isa = PBXGroup;
			children = (
				6BB4840F18F27F460059CA7F /* BullsEyeTests.m */,
				6BB4840A18F27F460059CA7F /* Supporting Files */,
			);
			path = BullsEyeTests;
			sourceTree = "<group>";
		};
		6BB4840A18F27F460059CA7F /* Supporting Files */ = {
			isa = PBXGroup;
			children = (
				6BB4840B18F27F460059CA7F /* BullsEyeTests-Info.plist */,
				6BB4840C18F27F460059CA7F /* InfoPlist.strings */,
			);
			name = "Supporting Files";
			sourceTree = "<group>";
		};
/* End PBXGroup section */

/* Begin PBXNativeTarget section */
		6BB483E018F27F460059CA7F /* BullsEye */ = {
			isa = PBXNativeTarget;
			buildConfigurationList = 6BB4841318F27F460059CA7F /* Build configuration list for PBXNativeTarget "BullsEye" */;
			buildPhases = (
				6BB483DD18F27F460059CA7F /* Sources */,
				6BB483DE18F27F460059CA7F /* Frameworks */,
				6BB483DF18F27F460059CA7F /* Resources */,
			);
			buildRules = (
			);
			dependencies = (
			);
			name = BullsEye;
			productName = BullsEye;
			productReference = 6BB483E118F27F460059CA7F /* BullsEye.app */;
			productType = "com.apple.product-type.application";
		};
		6BB4840118F27F460059CA7F /* BullsEyeTests */ = {
			isa = PBXNativeTarget;
			buildConfigurationList = 6BB4841618F27F460059CA7F /* Build configuration list for PBXNativeTarget "BullsEyeTests" */;
			buildPhases = (
				6BB483FE18F27F460059CA7F /* Sources */,
				6BB483FF18F27F460059CA7F /* Frameworks */,
				6BB4840018F27F460059CA7F /* Resources */,
			);
			buildRules = (
			);
			dependencies = (
				6BB4840818F27F460059CA7F /* PBXTargetDependency */,
			);
			name = BullsEyeTests;
			productName = BullsEyeTests;
			productReference = 6BB4840218F27F460059CA7F /* BullsEyeTests.xctest */;
			productType = "com.apple.product-type.bundle.unit-test";
		};
/* End PBXNativeTarget section */

/* Begin PBXProject section */
		6BB483D918F27F460059CA7F /* Project object */ = {
			isa = PBXProject;
			attributes = {
				LastUpgradeCheck = 0820;
				ORGANIZATIONNAME = James;
				TargetAttributes = {
					6BB483E018F27F460059CA7F = {
						DevelopmentTeam = F8FS4HPZYW;
					};
					6BB4840118F27F460059CA7F = {
						DevelopmentTeam = F8FS4HPZYW;
						TestTargetID = 6BB483E018F27F460059CA7F;
					};
				};
			};
			buildConfigurationList = 6BB483DC18F27F460059CA7F /* Build configuration list for PBXProject "BullsEye" */;
			compatibilityVersion = "Xcode 3.2";
			developmentRegion = English;
			hasScannedForEncodings = 0;
			knownRegions = (
				en,
				Base,
			);
			mainGroup = 6BB483D818F27F460059CA7F;
			productRefGroup = 6BB483E218F27F460059CA7F /* Products */;
			projectDirPath = "";
			projectRoot = "";
			targets = (
				6BB483E018F27F460059CA7F /* BullsEye */,
				6BB4840118F27F460059CA7F /* BullsEyeTests */,
			);
		};
/* End PBXProject section */

/* Begin PBXResourcesBuildPhase section */
		6BB483DF18F27F460059CA7F /* Resources */ = {
			isa = PBXResourcesBuildPhase;
			buildActionMask = 2147483647;
			files = (
				6BB483FD18F27F460059CA7F /* Images.xcassets in Resources */,
				6B2724BF190E1D2900E37970 /* BullsEye.html in Resources */,
				6BB483EF18F27F460059CA7F /* InfoPlist.strings in Resources */,
				6BB483F818F27F460059CA7F /* Main.storyboard in Resources */,
			);
			runOnlyForDeploymentPostprocessing = 0;
		};
		6BB4840018F27F460059CA7F /* Resources */ = {
			isa = PBXResourcesBuildPhase;
			buildActionMask = 2147483647;
			files = (
				6BB4840E18F27F460059CA7F /* InfoPlist.strings in Resources */,
			);
			runOnlyForDeploymentPostprocessing = 0;
		};
/* End PBXResourcesBuildPhase section */

/* Begin PBXSourcesBuildPhase section */
		6BB483DD18F27F460059CA7F /* Sources */ = {
			isa = PBXSourcesBuildPhase;
			buildActionMask = 2147483647;
			files = (
				6BB483FB18F27F460059CA7F /* ViewController.m in Sources */,
				6BB483F518F27F460059CA7F /* AppDelegate.m in Sources */,
				6BB3E80D18F67B4300ECC5E1 /* InfoViewController.m in Sources */,
				6BB483F118F27F460059CA7F /* main.m in Sources */,
			);
			runOnlyForDeploymentPostprocessing = 0;
		};
		6BB483FE18F27F460059CA7F /* Sources */ = {
			isa = PBXSourcesBuildPhase;
			buildActionMask = 2147483647;
			files = (
				6BB4841018F27F460059CA7F /* BullsEyeTests.m in Sources */,
			);
			runOnlyForDeploymentPostprocessing = 0;
		};
/* End PBXSourcesBuildPhase section */

/* Begin PBXTargetDependency section */
		6BB4840818F27F460059CA7F /* PBXTargetDependency */ = {
			isa = PBXTargetDependency;
			target = 6BB483E018F27F460059CA7F /* BullsEye */;
			targetProxy = 6BB4840718F27F460059CA7F /* PBXContainerItemProxy */;
		};
/* End PBXTargetDependency section */

/* Begin PBXVariantGroup section */
		6BB483ED18F27F460059CA7F /* InfoPlist.strings */ = {
			isa = PBXVariantGroup;
			children = (
				6BB483EE18F27F460059CA7F /* en */,
			);
			name = InfoPlist.strings;
			sourceTree = "<group>";
		};
		6BB483F618F27F460059CA7F /* Main.storyboard */ = {
			isa = PBXVariantGroup;
			children = (
				6BB483F718F27F460059CA7F /* Base */,
			);
			name = Main.storyboard;
			sourceTree = "<group>";
		};
		6BB4840C18F27F460059CA7F /* InfoPlist.strings */ = {
			isa = PBXVariantGroup;
			children = (
				6BB4840D18F27F460059CA7F /* en */,
			);
			name = InfoPlist.strings;
			sourceTree = "<group>";
		};
/* End PBXVariantGroup section */

/* Begin XCBuildConfiguration section */
		6BB4841118F27F460059CA7F /* Debug */ = {
			isa = XCBuildConfiguration;
			buildSettings = {
				ALWAYS_SEARCH_USER_PATHS = NO;
				CLANG_CXX_LANGUAGE_STANDARD = "gnu++0x";
				CLANG_CXX_LIBRARY = "libc++";
				CLANG_ENABLE_MODULES = YES;
				CLANG_ENABLE_OBJC_ARC = YES;
				CLANG_WARN_BOOL_CONVERSION = YES;
				CLANG_WARN_CONSTANT_CONVERSION = YES;
				CLANG_WARN_DIRECT_OBJC_ISA_USAGE = YES_ERROR;
				CLANG_WARN_EMPTY_BODY = YES;
				CLANG_WARN_ENUM_CONVERSION = YES;
				CLANG_WARN_INFINITE_RECURSION = YES;
				CLANG_WARN_INT_CONVERSION = YES;
				CLANG_WARN_OBJC_ROOT_CLASS = YES_ERROR;
				CLANG_WARN_SUSPICIOUS_MOVE = YES;
				CLANG_WARN_UNREACHABLE_CODE = YES;
				CLANG_WARN__DUPLICATE_METHOD_MATCH = YES;
				"CODE_SIGN_IDENTITY[sdk=iphoneos*]" = "iPhone Developer";
				COPY_PHASE_STRIP = NO;
				ENABLE_STRICT_OBJC_MSGSEND = YES;
				ENABLE_TESTABILITY = YES;
				GCC_C_LANGUAGE_STANDARD = gnu99;
				GCC_DYNAMIC_NO_PIC = NO;
				GCC_NO_COMMON_BLOCKS = YES;
				GCC_OPTIMIZATION_LEVEL = 0;
				GCC_PREPROCESSOR_DEFINITIONS = (
					"DEBUG=1",
					"$(inherited)",
				);
				GCC_SYMBOLS_PRIVATE_EXTERN = NO;
				GCC_WARN_64_TO_32_BIT_CONVERSION = YES;
				GCC_WARN_ABOUT_RETURN_TYPE = YES_ERROR;
				GCC_WARN_UNDECLARED_SELECTOR = YES;
				GCC_WARN_UNINITIALIZED_AUTOS = YES_AGGRESSIVE;
				GCC_WARN_UNUSED_FUNCTION = YES;
				GCC_WARN_UNUSED_VARIABLE = YES;
				IPHONEOS_DEPLOYMENT_TARGET = 8.0;
				ONLY_ACTIVE_ARCH = YES;
				SDKROOT = iphoneos;
			};
			name = Debug;
		};
		6BB4841218F27F460059CA7F /* Release */ = {
			isa = XCBuildConfiguration;
			buildSettings = {
				ALWAYS_SEARCH_USER_PATHS = NO;
				CLANG_CXX_LANGUAGE_STANDARD = "gnu++0x";
				CLANG_CXX_LIBRARY = "libc++";
				CLANG_ENABLE_MODULES = YES;
				CLANG_ENABLE_OBJC_ARC = YES;
				CLANG_WARN_BOOL_CONVERSION = YES;
				CLANG_WARN_CONSTANT_CONVERSION = YES;
				CLANG_WARN_DIRECT_OBJC_ISA_USAGE = YES_ERROR;
				CLANG_WARN_EMPTY_BODY = YES;
				CLANG_WARN_ENUM_CONVERSION = YES;
				CLANG_WARN_INFINITE_RECURSION = YES;
				CLANG_WARN_INT_CONVERSION = YES;
				CLANG_WARN_OBJC_ROOT_CLASS = YES_ERROR;
				CLANG_WARN_SUSPICIOUS_MOVE = YES;
				CLANG_WARN_UNREACHABLE_CODE = YES;
				CLANG_WARN__DUPLICATE_METHOD_MATCH = YES;
				"CODE_SIGN_IDENTITY[sdk=iphoneos*]" = "iPhone Developer";
				COPY_PHASE_STRIP = YES;
				ENABLE_NS_ASSERTIONS = NO;
				ENABLE_STRICT_OBJC_MSGSEND = YES;
				GCC_C_LANGUAGE_STANDARD = gnu99;
				GCC_NO_COMMON_BLOCKS = YES;
				GCC_WARN_64_TO_32_BIT_CONVERSION = YES;
				GCC_WARN_ABOUT_RETURN_TYPE = YES_ERROR;
				GCC_WARN_UNDECLARED_SELECTOR = YES;
				GCC_WARN_UNINITIALIZED_AUTOS = YES_AGGRESSIVE;
				GCC_WARN_UNUSED_FUNCTION = YES;
				GCC_WARN_UNUSED_VARIABLE = YES;
				IPHONEOS_DEPLOYMENT_TARGET = 8.0;
				SDKROOT = iphoneos;
				VALIDATE_PRODUCT = YES;
			};
			name = Release;
		};
		6BB4841418F27F460059CA7F /* Debug */ = {
			isa = XCBuildConfiguration;
			buildSettings = {
				ASSETCATALOG_COMPILER_APPICON_NAME = AppIcon;
				ASSETCATALOG_COMPILER_LAUNCHIMAGE_NAME = LaunchImage;
				CODE_SIGN_IDENTITY = "iPhone Developer";
				"CODE_SIGN_IDENTITY[sdk=iphoneos*]" = "iPhone Developer";
				DEVELOPMENT_TEAM = F8FS4HPZYW;
				GCC_PRECOMPILE_PREFIX_HEADER = YES;
				GCC_PREFIX_HEADER = "BullsEye/BullsEye-Prefix.pch";
				INFOPLIST_FILE = "BullsEye/BullsEye-Info.plist";
				IPHONEOS_DEPLOYMENT_TARGET = 8.0;
				PRODUCT_BUNDLE_IDENTIFIER = "edu.deakin.${PRODUCT_NAME:rfc1034identifier}";
				PRODUCT_NAME = "$(TARGET_NAME)";
				PROVISIONING_PROFILE = "";
				WRAPPER_EXTENSION = app;
			};
			name = Debug;
		};
		6BB4841518F27F460059CA7F /* Release */ = {
			isa = XCBuildConfiguration;
			buildSettings = {
				ASSETCATALOG_COMPILER_APPICON_NAME = AppIcon;
				ASSETCATALOG_COMPILER_LAUNCHIMAGE_NAME = LaunchImage;
				CODE_SIGN_IDENTITY = "iPhone Developer";
				"CODE_SIGN_IDENTITY[sdk=iphoneos*]" = "iPhone Developer";
				DEVELOPMENT_TEAM = F8FS4HPZYW;
				GCC_PRECOMPILE_PREFIX_HEADER = YES;
				GCC_PREFIX_HEADER = "BullsEye/BullsEye-Prefix.pch";
				INFOPLIST_FILE = "BullsEye/BullsEye-Info.plist";
				IPHONEOS_DEPLOYMENT_TARGET = 8.0;
				PRODUCT_BUNDLE_IDENTIFIER = "edu.deakin.${PRODUCT_NAME:rfc1034identifier}";
				PRODUCT_NAME = "$(TARGET_NAME)";
				PROVISIONING_PROFILE = "";
				WRAPPER_EXTENSION = app;
			};
			name = Release;
		};
		6BB4841718F27F460059CA7F /* Debug */ = {
			isa = XCBuildConfiguration;
			buildSettings = {
				BUNDLE_LOADER = "$(BUILT_PRODUCTS_DIR)/BullsEye.app/BullsEye";
				DEVELOPMENT_TEAM = F8FS4HPZYW;
				FRAMEWORK_SEARCH_PATHS = (
					"$(SDKROOT)/Developer/Library/Frameworks",
					"$(inherited)",
					"$(DEVELOPER_FRAMEWORKS_DIR)",
				);
				GCC_PRECOMPILE_PREFIX_HEADER = YES;
				GCC_PREFIX_HEADER = "BullsEye/BullsEye-Prefix.pch";
				GCC_PREPROCESSOR_DEFINITIONS = (
					"DEBUG=1",
					"$(inherited)",
				);
				INFOPLIST_FILE = "BullsEyeTests/BullsEyeTests-Info.plist";
				PRODUCT_BUNDLE_IDENTIFIER = "edu.deakin.${PRODUCT_NAME:rfc1034identifier}";
				PRODUCT_NAME = "$(TARGET_NAME)";
				TEST_HOST = "$(BUNDLE_LOADER)";
				WRAPPER_EXTENSION = xctest;
			};
			name = Debug;
		};
		6BB4841818F27F460059CA7F /* Release */ = {
			isa = XCBuildConfiguration;
			buildSettings = {
				BUNDLE_LOADER = "$(BUILT_PRODUCTS_DIR)/BullsEye.app/BullsEye";
				DEVELOPMENT_TEAM = F8FS4HPZYW;
				FRAMEWORK_SEARCH_PATHS = (
					"$(SDKROOT)/Developer/Library/Frameworks",
					"$(inherited)",
					"$(DEVELOPER_FRAMEWORKS_DIR)",
				);
				GCC_PRECOMPILE_PREFIX_HEADER = YES;
				GCC_PREFIX_HEADER = "BullsEye/BullsEye-Prefix.pch";
				INFOPLIST_FILE = "BullsEyeTests/BullsEyeTests-Info.plist";
				PRODUCT_BUNDLE_IDENTIFIER = "edu.deakin.${PRODUCT_NAME:rfc1034identifier}";
				PRODUCT_NAME = "$(TARGET_NAME)";
				TEST_HOST = "$(BUNDLE_LOADER)";
				WRAPPER_EXTENSION = xctest;
			};
			name = Release;
		};
/* End XCBuildConfiguration section */

/* Begin XCConfigurationList section */
		6BB483DC18F27F460059CA7F /* Build configuration list for PBXProject "BullsEye" */ = {
			isa = XCConfigurationList;
			buildConfigurations = (
				6BB4841118F27F460059CA7F /* Debug */,
				6BB4841218F27F460059CA7F /* Release */,
			);
			defaultConfigurationIsVisible = 0;
			defaultConfigurationName = Release;
		};
		6BB4841318F27F460059CA7F /* Build configuration list for PBXNativeTarget "BullsEye" */ = {
			isa = XCConfigurationList;
			buildConfigurations = (
				6BB4841418F27F460059CA7F /* Debug */,
				6BB4841518F27F460059CA7F /* Release */,
			);
			defaultConfigurationIsVisible = 0;
			defaultConfigurationName = Release;
		};
		6BB4841618F27F460059CA7F /* Build configuration list for PBXNativeTarget "BullsEyeTests" */ = {
			isa = XCConfigurationList;
			buildConfigurations = (
				6BB4841718F27F460059CA7F /* Debug */,
				6BB4841818F27F460059CA7F /* Release */,
			);
			defaultConfigurationIsVisible = 0;
			defaultConfigurationName = Release;
		};
/* End XCConfigurationList section */
	};
	rootObject = 6BB483D918F27F460059CA7F /* Project object */;
}
